
Microsoft Visual Studio Solution File, Format Version 12.00
# Visual Studio Version 16
VisualStudioVersion = 16.0.32126.315
MinimumVisualStudioVersion = 10.0.40219.1
Project("{FAE04EC0-301F-11D3-BF4B-00C04F79EFBC}") = "Projeto", "Projeto\Projeto.csproj", "{3BE6DA41-34DC-46C1-81E3-B14B4A0CCC67}"
EndProject
Project("{FAE04EC0-301F-11D3-BF4B-00C04F79EFBC}") = "Biblioteca", "Bibliotecaa\Biblioteca.csproj", "{C3A8E8C9-1AB2-48B0-A443-1B1A243A98B3}"
EndProject
Global
	GlobalSection(SolutionConfigurationPlatforms) = preSolution
		Debug|Any CPU = Debug|Any CPU
		Release|Any CPU = Release|Any CPU
	EndGlobalSection
	GlobalSection(ProjectConfigurationPlatforms) = postSolution
		{3BE6DA41-34DC-46C1-81E3-B14B4A0CCC67}.Debug|Any CPU.ActiveCfg = Debug|Any CPU
		{3BE6DA41-34DC-46C1-81E3-B14B4A0CCC67}.Debug|Any CPU.Build.0 = Debug|Any CPU
		{3BE6DA41-34DC-46C1-81E3-B14B4A0CCC67}.Release|Any CPU.ActiveCfg = Release|Any CPU
		{3BE6DA41-34DC-46C1-81E3-B14B4A0CCC67}.Release|Any CPU.Build.0 = Release|Any CPU
		{C3A8E8C9-1AB2-48B0-A443-1B1A243A98B3}.Debug|Any CPU.ActiveCfg = Debug|Any CPU
		{C3A8E8C9-1AB2-48B0-A443-1B1A243A98B3}.Debug|Any CPU.Build.0 = Debug|Any CPU
		{C3A8E8C9-1AB2-48B0-A443-1B1A243A98B3}.Release|Any CPU.ActiveCfg = Release|Any CPU
		{C3A8E8C9-1AB2-48B0-A443-1B1A243A98B3}.Release|Any CPU.Build.0 = Release|Any CPU
	EndGlobalSection
	GlobalSection(SolutionProperties) = preSolution
		HideSolutionNode = FALSE
	EndGlobalSection
	GlobalSection(ExtensibilityGlobals) = postSolution
		SolutionGuid = {6B1EA447-33B7-4C67-A457-9CB8F06C36F8}
	EndGlobalSection
EndGlobal
